<Solution>
  <Folder Name="/src/">
    <Project Path="src/FitFileParser.AndroidApp/FitFileParser.AndroidApp.csproj" />
    <Project Path="src/FitFileParser.Mobile/FitFileParser.Mobile.csproj" />
    <Project Path="src/FitFileParser/FitFileParser.csproj" />
  </Folder>
  <Folder Name="/tests/">
    <Project Path="tests/FitFileParser.Tests/FitFileParser.Tests.csproj" />
  </Folder>
</Solution>
